
Microsoft Visual Studio Solution File, Format Version 12.00
# Visual Studio 15
VisualStudioVersion = 15.0.27004.2005
MinimumVisualStudioVersion = 10.0.40219.1
Project("{FAE04EC0-301F-11D3-BF4B-00C04F79EFBC}") = "CrudBasico.Android", "CrudBasico\CrudBasico.Android\CrudBasico.Android.csproj", "{EA82B209-29B6-43AE-9AF0-1896D6282E25}"
EndProject
Project("{FAE04EC0-301F-11D3-BF4B-00C04F79EFBC}") = "CrudBasico", "CrudBasico\CrudBasico\CrudBasico.csproj", "{6A125899-0B0B-491E-BC3F-E7F5DB1A005B}"
EndProject
Project("{FAE04EC0-301F-11D3-BF4B-00C04F79EFBC}") = "CrudBasico.iOS", "CrudBasico\CrudBasico.iOS\CrudBasico.iOS.csproj", "{326B8810-A0B3-4A47-B998-215F3EAE4B90}"
EndProject
Global
	GlobalSection(SolutionConfigurationPlatforms) = preSolution
		Ad-Hoc|Any CPU = Ad-Hoc|Any CPU
		Ad-Hoc|iPhone = Ad-Hoc|iPhone
		Ad-Hoc|iPhoneSimulator = Ad-Hoc|iPhoneSimulator
		AppStore|Any CPU = AppStore|Any CPU
		AppStore|iPhone = AppStore|iPhone
		AppStore|iPhoneSimulator = AppStore|iPhoneSimulator
		Debug|Any CPU = Debug|Any CPU
		Debug|iPhone = Debug|iPhone
		Debug|iPhoneSimulator = Debug|iPhoneSimulator
		Release|Any CPU = Release|Any CPU
		Release|iPhone = Release|iPhone
		Release|iPhoneSimulator = Release|iPhoneSimulator
	EndGlobalSection
	GlobalSection(ProjectConfigurationPlatforms) = postSolution
		{EA82B209-29B6-43AE-9AF0-1896D6282E25}.Ad-Hoc|Any CPU.ActiveCfg = Release|Any CPU
		{EA82B209-29B6-43AE-9AF0-1896D6282E25}.Ad-Hoc|Any CPU.Build.0 = Release|Any CPU
		{EA82B209-29B6-43AE-9AF0-1896D6282E25}.Ad-Hoc|Any CPU.Deploy.0 = Release|Any CPU
		{EA82B209-29B6-43AE-9AF0-1896D6282E25}.Ad-Hoc|iPhone.ActiveCfg = Release|Any CPU
		{EA82B209-29B6-43AE-9AF0-1896D6282E25}.Ad-Hoc|iPhone.Build.0 = Release|Any CPU
		{EA82B209-29B6-43AE-9AF0-1896D6282E25}.Ad-Hoc|iPhone.Deploy.0 = Release|Any CPU
		{EA82B209-29B6-43AE-9AF0-1896D6282E25}.Ad-Hoc|iPhoneSimulator.ActiveCfg = Release|Any CPU
		{EA82B209-29B6-43AE-9AF0-1896D6282E25}.Ad-Hoc|iPhoneSimulator.Build.0 = Release|Any CPU
		{EA82B209-29B6-43AE-9AF0-1896D6282E25}.Ad-Hoc|iPhoneSimulator.Deploy.0 = Release|Any CPU
		{EA82B209-29B6-43AE-9AF0-1896D6282E25}.AppStore|Any CPU.ActiveCfg = Release|Any CPU
		{EA82B209-29B6-43AE-9AF0-1896D6282E25}.AppStore|Any CPU.Build.0 = Release|Any CPU
		{EA82B209-29B6-43AE-9AF0-1896D6282E25}.AppStore|Any CPU.Deploy.0 = Release|Any CPU
		{EA82B209-29B6-43AE-9AF0-1896D6282E25}.AppStore|iPhone.ActiveCfg = Release|Any CPU
		{EA82B209-29B6-43AE-9AF0-1896D6282E25}.AppStore|iPhone.Build.0 = Release|Any CPU
		{EA82B209-29B6-43AE-9AF0-1896D6282E25}.AppStore|iPhone.Deploy.0 = Release|Any CPU
		{EA82B209-29B6-43AE-9AF0-1896D6282E25}.AppStore|iPhoneSimulator.ActiveCfg = Release|Any CPU
		{EA82B209-29B6-43AE-9AF0-1896D6282E25}.AppStore|iPhoneSimulator.Build.0 = Release|Any CPU
		{EA82B209-29B6-43AE-9AF0-1896D6282E25}.AppStore|iPhoneSimulator.Deploy.0 = Release|Any CPU
		{EA82B209-29B6-43AE-9AF0-1896D6282E25}.Debug|Any CPU.ActiveCfg = Debug|Any CPU
		{EA82B209-29B6-43AE-9AF0-1896D6282E25}.Debug|Any CPU.Build.0 = Debug|Any CPU
		{EA82B209-29B6-43AE-9AF0-1896D6282E25}.Debug|Any CPU.Deploy.0 = Debug|Any CPU
		{EA82B209-29B6-43AE-9AF0-1896D6282E25}.Debug|iPhone.ActiveCfg = Debug|Any CPU
		{EA82B209-29B6-43AE-9AF0-1896D6282E25}.Debug|iPhone.Build.0 = Debug|Any CPU
		{EA82B209-29B6-43AE-9AF0-1896D6282E25}.Debug|iPhone.Deploy.0 = Debug|Any CPU
		{EA82B209-29B6-43AE-9AF0-1896D6282E25}.Debug|iPhoneSimulator.ActiveCfg = Debug|Any CPU
		{EA82B209-29B6-43AE-9AF0-1896D6282E25}.Debug|iPhoneSimulator.Build.0 = Debug|Any CPU
		{EA82B209-29B6-43AE-9AF0-1896D6282E25}.Debug|iPhoneSimulator.Deploy.0 = Debug|Any CPU
		{EA82B209-29B6-43AE-9AF0-1896D6282E25}.Release|Any CPU.ActiveCfg = Release|Any CPU
		{EA82B209-29B6-43AE-9AF0-1896D6282E25}.Release|Any CPU.Build.0 = Release|Any CPU
		{EA82B209-29B6-43AE-9AF0-1896D6282E25}.Release|Any CPU.Deploy.0 = Release|Any CPU
		{EA82B209-29B6-43AE-9AF0-1896D6282E25}.Release|iPhone.ActiveCfg = Release|Any CPU
		{EA82B209-29B6-43AE-9AF0-1896D6282E25}.Release|iPhone.Build.0 = Release|Any CPU
		{EA82B209-29B6-43AE-9AF0-1896D6282E25}.Release|iPhone.Deploy.0 = Release|Any CPU
		{EA82B209-29B6-43AE-9AF0-1896D6282E25}.Release|iPhoneSimulator.ActiveCfg = Release|Any CPU
		{EA82B209-29B6-43AE-9AF0-1896D6282E25}.Release|iPhoneSimulator.Build.0 = Release|Any CPU
		{EA82B209-29B6-43AE-9AF0-1896D6282E25}.Release|iPhoneSimulator.Deploy.0 = Release|Any CPU
		{6A125899-0B0B-491E-BC3F-E7F5DB1A005B}.Ad-Hoc|Any CPU.ActiveCfg = Release|Any CPU
		{6A125899-0B0B-491E-BC3F-E7F5DB1A005B}.Ad-Hoc|Any CPU.Build.0 = Release|Any CPU
		{6A125899-0B0B-491E-BC3F-E7F5DB1A005B}.Ad-Hoc|iPhone.ActiveCfg = Release|Any CPU
		{6A125899-0B0B-491E-BC3F-E7F5DB1A005B}.Ad-Hoc|iPhone.Build.0 = Release|Any CPU
		{6A125899-0B0B-491E-BC3F-E7F5DB1A005B}.Ad-Hoc|iPhoneSimulator.ActiveCfg = Release|Any CPU
		{6A125899-0B0B-491E-BC3F-E7F5DB1A005B}.Ad-Hoc|iPhoneSimulator.Build.0 = Release|Any CPU
		{6A125899-0B0B-491E-BC3F-E7F5DB1A005B}.AppStore|Any CPU.ActiveCfg = Release|Any CPU
		{6A125899-0B0B-491E-BC3F-E7F5DB1A005B}.AppStore|Any CPU.Build.0 = Release|Any CPU
		{6A125899-0B0B-491E-BC3F-E7F5DB1A005B}.AppStore|iPhone.ActiveCfg = Release|Any CPU
		{6A125899-0B0B-491E-BC3F-E7F5DB1A005B}.AppStore|iPhone.Build.0 = Release|Any CPU
		{6A125899-0B0B-491E-BC3F-E7F5DB1A005B}.AppStore|iPhoneSimulator.ActiveCfg = Release|Any CPU
		{6A125899-0B0B-491E-BC3F-E7F5DB1A005B}.AppStore|iPhoneSimulator.Build.0 = Release|Any CPU
		{6A125899-0B0B-491E-BC3F-E7F5DB1A005B}.Debug|Any CPU.ActiveCfg = Debug|Any CPU
		{6A125899-0B0B-491E-BC3F-E7F5DB1A005B}.Debug|Any CPU.Build.0 = Debug|Any CPU
		{6A125899-0B0B-491E-BC3F-E7F5DB1A005B}.Debug|iPhone.ActiveCfg = Debug|Any CPU
		{6A125899-0B0B-491E-BC3F-E7F5DB1A005B}.Debug|iPhone.Build.0 = Debug|Any CPU
		{6A125899-0B0B-491E-BC3F-E7F5DB1A005B}.Debug|iPhoneSimulator.ActiveCfg = Debug|Any CPU
		{6A125899-0B0B-491E-BC3F-E7F5DB1A005B}.Debug|iPhoneSimulator.Build.0 = Debug|Any CPU
		{6A125899-0B0B-491E-BC3F-E7F5DB1A005B}.Release|Any CPU.ActiveCfg = Release|Any CPU
		{6A125899-0B0B-491E-BC3F-E7F5DB1A005B}.Release|Any CPU.Build.0 = Release|Any CPU
		{6A125899-0B0B-491E-BC3F-E7F5DB1A005B}.Release|iPhone.ActiveCfg = Release|Any CPU
		{6A125899-0B0B-491E-BC3F-E7F5DB1A005B}.Release|iPhone.Build.0 = Release|Any CPU
		{6A125899-0B0B-491E-BC3F-E7F5DB1A005B}.Release|iPhoneSimulator.ActiveCfg = Release|Any CPU
		{6A125899-0B0B-491E-BC3F-E7F5DB1A005B}.Release|iPhoneSimulator.Build.0 = Release|Any CPU
		{326B8810-A0B3-4A47-B998-215F3EAE4B90}.Ad-Hoc|Any CPU.ActiveCfg = Ad-Hoc|iPhoneSimulator
		{326B8810-A0B3-4A47-B998-215F3EAE4B90}.Ad-Hoc|iPhone.ActiveCfg = Ad-Hoc|iPhone
		{326B8810-A0B3-4A47-B998-215F3EAE4B90}.Ad-Hoc|iPhone.Build.0 = Ad-Hoc|iPhone
		{326B8810-A0B3-4A47-B998-215F3EAE4B90}.Ad-Hoc|iPhoneSimulator.ActiveCfg = Ad-Hoc|iPhoneSimulator
		{326B8810-A0B3-4A47-B998-215F3EAE4B90}.Ad-Hoc|iPhoneSimulator.Build.0 = Ad-Hoc|iPhoneSimulator
		{326B8810-A0B3-4A47-B998-215F3EAE4B90}.AppStore|Any CPU.ActiveCfg = AppStore|iPhoneSimulator
		{326B8810-A0B3-4A47-B998-215F3EAE4B90}.AppStore|iPhone.ActiveCfg = AppStore|iPhone
		{326B8810-A0B3-4A47-B998-215F3EAE4B90}.AppStore|iPhone.Build.0 = AppStore|iPhone
		{326B8810-A0B3-4A47-B998-215F3EAE4B90}.AppStore|iPhoneSimulator.ActiveCfg = AppStore|iPhoneSimulator
		{326B8810-A0B3-4A47-B998-215F3EAE4B90}.AppStore|iPhoneSimulator.Build.0 = AppStore|iPhoneSimulator
		{326B8810-A0B3-4A47-B998-215F3EAE4B90}.Debug|Any CPU.ActiveCfg = Debug|iPhoneSimulator
		{326B8810-A0B3-4A47-B998-215F3EAE4B90}.Debug|iPhone.ActiveCfg = Debug|iPhone
		{326B8810-A0B3-4A47-B998-215F3EAE4B90}.Debug|iPhone.Build.0 = Debug|iPhone
		{326B8810-A0B3-4A47-B998-215F3EAE4B90}.Debug|iPhoneSimulator.ActiveCfg = Debug|iPhoneSimulator
		{326B8810-A0B3-4A47-B998-215F3EAE4B90}.Debug|iPhoneSimulator.Build.0 = Debug|iPhoneSimulator
		{326B8810-A0B3-4A47-B998-215F3EAE4B90}.Release|Any CPU.ActiveCfg = Release|iPhoneSimulator
		{326B8810-A0B3-4A47-B998-215F3EAE4B90}.Release|iPhone.ActiveCfg = Release|iPhone
		{326B8810-A0B3-4A47-B998-215F3EAE4B90}.Release|iPhone.Build.0 = Release|iPhone
		{326B8810-A0B3-4A47-B998-215F3EAE4B90}.Release|iPhoneSimulator.ActiveCfg = Release|iPhoneSimulator
		{326B8810-A0B3-4A47-B998-215F3EAE4B90}.Release|iPhoneSimulator.Build.0 = Release|iPhoneSimulator
	EndGlobalSection
	GlobalSection(SolutionProperties) = preSolution
		HideSolutionNode = FALSE
	EndGlobalSection
	GlobalSection(ExtensibilityGlobals) = postSolution
		SolutionGuid = {885B6D6B-0EE7-45E4-BC79-9DC294737CEC}
	EndGlobalSection
EndGlobal
